
Microsoft Visual Studio Solution File, Format Version 12.00
# Visual Studio 15
VisualStudioVersion = 15.0.28307.421
MinimumVisualStudioVersion = 10.0.40219.1
Project("{FAE04EC0-301F-11D3-BF4B-00C04F79EFBC}") = "WebApplication1", "WebApplication1\WebApplication1.csproj", "{2721F0F9-3E02-47E8-A591-1A0B51183754}"
EndProject
Global
	GlobalSection(SolutionConfigurationPlatforms) = preSolution
		Debug|Any CPU = Debug|Any CPU
		Release|Any CPU = Release|Any CPU
	EndGlobalSection
	GlobalSection(ProjectConfigurationPlatforms) = postSolution
		{2721F0F9-3E02-47E8-A591-1A0B51183754}.Debug|Any CPU.ActiveCfg = Debug|Any CPU
		{2721F0F9-3E02-47E8-A591-1A0B51183754}.Debug|Any CPU.Build.0 = Debug|Any CPU
		{2721F0F9-3E02-47E8-A591-1A0B51183754}.Release|Any CPU.ActiveCfg = Release|Any CPU
		{2721F0F9-3E02-47E8-A591-1A0B51183754}.Release|Any CPU.Build.0 = Release|Any CPU
	EndGlobalSection
	GlobalSection(SolutionProperties) = preSolution
		HideSolutionNode = FALSE
	EndGlobalSection
	GlobalSection(ExtensibilityGlobals) = postSolution
		SolutionGuid = {AB82F9C4-8A57-4ABF-9A10-05E2FC3B3E68}
	EndGlobalSection
EndGlobal
